
Microsoft Visual Studio Solution File, Format Version 12.00
# Visual Studio Version 16
VisualStudioVersion = 16.0.32002.261
MinimumVisualStudioVersion = 10.0.40219.1
Project("{9A19103F-16F7-4668-BE54-9A1E7A4F7556}") = "Panosen.Compling", "Panosen.Compling\Panosen.Compling.csproj", "{76C93449-215C-423F-8727-92E6BB302FF4}"
EndProject
Project("{9A19103F-16F7-4668-BE54-9A1E7A4F7556}") = "Panosen.Compling.SLR1", "Panosen.Compling.SLR1\Panosen.Compling.SLR1.csproj", "{C1F355D2-47DE-467F-AEE6-8C6ECE795422}"
EndProject
Project("{9A19103F-16F7-4668-BE54-9A1E7A4F7556}") = "Panosen.Compling.LL1", "Panosen.Compling.LL1\Panosen.Compling.LL1.csproj", "{6519E68C-BF96-4DE5-94BC-AB81176EB7B0}"
EndProject
Project("{9A19103F-16F7-4668-BE54-9A1E7A4F7556}") = "Panosen.Compling.MSTest", "Panosen.Compling.MSTest\Panosen.Compling.MSTest.csproj", "{EF021927-A649-4789-9E5D-C5714DCA3EF0}"
EndProject
Project("{9A19103F-16F7-4668-BE54-9A1E7A4F7556}") = "Panosen.Compling.LL1.MSTest", "Panosen.Compling.LL1.MSTest\Panosen.Compling.LL1.MSTest.csproj", "{2FD67002-39C7-4B9A-9C41-153785747544}"
EndProject
Project("{2150E333-8FDC-42A3-9474-1A3956D46DE8}") = "LL1", "LL1", "{5526D9B6-73D2-4A3B-B3DD-37B379C6DFB9}"
EndProject
Project("{2150E333-8FDC-42A3-9474-1A3956D46DE8}") = "SLR1", "SLR1", "{380629AA-CFC2-4206-9659-34F08C2EFA24}"
EndProject
Project("{9A19103F-16F7-4668-BE54-9A1E7A4F7556}") = "Panosen.Compling.LL1.Rules", "Panosen.Compling.LL1.Rules\Panosen.Compling.LL1.Rules.csproj", "{02E6B578-A8B0-4F8D-9C8F-088031670B22}"
EndProject
Project("{9A19103F-16F7-4668-BE54-9A1E7A4F7556}") = "Panosen.Compling.SLR1.Rules", "Panosen.Compling.SLR1.Rules\Panosen.Compling.SLR1.Rules.csproj", "{2EBC2497-FB1C-43F2-B837-8F2B611A4E8F}"
EndProject
Project("{9A19103F-16F7-4668-BE54-9A1E7A4F7556}") = "Panosen.Compling.Rules", "Panosen.Compling.Rules\Panosen.Compling.Rules.csproj", "{D210E290-B864-4775-B156-B7FD1EA72D71}"
EndProject
Project("{FAE04EC0-301F-11D3-BF4B-00C04F79EFBC}") = "Panosen.Compling.SLR1.MSTest", "Panosen.Compling.SLR1.MSTest\Panosen.Compling.SLR1.MSTest.csproj", "{F87C9354-3537-413C-8A4E-01CF77311166}"
EndProject
Global
	GlobalSection(SolutionConfigurationPlatforms) = preSolution
		Debug|Any CPU = Debug|Any CPU
		Release|Any CPU = Release|Any CPU
	EndGlobalSection
	GlobalSection(ProjectConfigurationPlatforms) = postSolution
		{76C93449-215C-423F-8727-92E6BB302FF4}.Debug|Any CPU.ActiveCfg = Debug|Any CPU
		{76C93449-215C-423F-8727-92E6BB302FF4}.Debug|Any CPU.Build.0 = Debug|Any CPU
		{76C93449-215C-423F-8727-92E6BB302FF4}.Release|Any CPU.ActiveCfg = Release|Any CPU
		{76C93449-215C-423F-8727-92E6BB302FF4}.Release|Any CPU.Build.0 = Release|Any CPU
		{C1F355D2-47DE-467F-AEE6-8C6ECE795422}.Debug|Any CPU.ActiveCfg = Debug|Any CPU
		{C1F355D2-47DE-467F-AEE6-8C6ECE795422}.Debug|Any CPU.Build.0 = Debug|Any CPU
		{C1F355D2-47DE-467F-AEE6-8C6ECE795422}.Release|Any CPU.ActiveCfg = Release|Any CPU
		{C1F355D2-47DE-467F-AEE6-8C6ECE795422}.Release|Any CPU.Build.0 = Release|Any CPU
		{6519E68C-BF96-4DE5-94BC-AB81176EB7B0}.Debug|Any CPU.ActiveCfg = Debug|Any CPU
		{6519E68C-BF96-4DE5-94BC-AB81176EB7B0}.Debug|Any CPU.Build.0 = Debug|Any CPU
		{6519E68C-BF96-4DE5-94BC-AB81176EB7B0}.Release|Any CPU.ActiveCfg = Release|Any CPU
		{6519E68C-BF96-4DE5-94BC-AB81176EB7B0}.Release|Any CPU.Build.0 = Release|Any CPU
		{EF021927-A649-4789-9E5D-C5714DCA3EF0}.Debug|Any CPU.ActiveCfg = Debug|Any CPU
		{EF021927-A649-4789-9E5D-C5714DCA3EF0}.Debug|Any CPU.Build.0 = Debug|Any CPU
		{EF021927-A649-4789-9E5D-C5714DCA3EF0}.Release|Any CPU.ActiveCfg = Release|Any CPU
		{EF021927-A649-4789-9E5D-C5714DCA3EF0}.Release|Any CPU.Build.0 = Release|Any CPU
		{2FD67002-39C7-4B9A-9C41-153785747544}.Debug|Any CPU.ActiveCfg = Debug|Any CPU
		{2FD67002-39C7-4B9A-9C41-153785747544}.Debug|Any CPU.Build.0 = Debug|Any CPU
		{2FD67002-39C7-4B9A-9C41-153785747544}.Release|Any CPU.ActiveCfg = Release|Any CPU
		{2FD67002-39C7-4B9A-9C41-153785747544}.Release|Any CPU.Build.0 = Release|Any CPU
		{02E6B578-A8B0-4F8D-9C8F-088031670B22}.Debug|Any CPU.ActiveCfg = Debug|Any CPU
		{02E6B578-A8B0-4F8D-9C8F-088031670B22}.Debug|Any CPU.Build.0 = Debug|Any CPU
		{02E6B578-A8B0-4F8D-9C8F-088031670B22}.Release|Any CPU.ActiveCfg = Release|Any CPU
		{02E6B578-A8B0-4F8D-9C8F-088031670B22}.Release|Any CPU.Build.0 = Release|Any CPU
		{2EBC2497-FB1C-43F2-B837-8F2B611A4E8F}.Debug|Any CPU.ActiveCfg = Debug|Any CPU
		{2EBC2497-FB1C-43F2-B837-8F2B611A4E8F}.Debug|Any CPU.Build.0 = Debug|Any CPU
		{2EBC2497-FB1C-43F2-B837-8F2B611A4E8F}.Release|Any CPU.ActiveCfg = Release|Any CPU
		{2EBC2497-FB1C-43F2-B837-8F2B611A4E8F}.Release|Any CPU.Build.0 = Release|Any CPU
		{D210E290-B864-4775-B156-B7FD1EA72D71}.Debug|Any CPU.ActiveCfg = Debug|Any CPU
		{D210E290-B864-4775-B156-B7FD1EA72D71}.Debug|Any CPU.Build.0 = Debug|Any CPU
		{D210E290-B864-4775-B156-B7FD1EA72D71}.Release|Any CPU.ActiveCfg = Release|Any CPU
		{D210E290-B864-4775-B156-B7FD1EA72D71}.Release|Any CPU.Build.0 = Release|Any CPU
		{F87C9354-3537-413C-8A4E-01CF77311166}.Debug|Any CPU.ActiveCfg = Debug|Any CPU
		{F87C9354-3537-413C-8A4E-01CF77311166}.Debug|Any CPU.Build.0 = Debug|Any CPU
		{F87C9354-3537-413C-8A4E-01CF77311166}.Release|Any CPU.ActiveCfg = Release|Any CPU
		{F87C9354-3537-413C-8A4E-01CF77311166}.Release|Any CPU.Build.0 = Release|Any CPU
	EndGlobalSection
	GlobalSection(SolutionProperties) = preSolution
		HideSolutionNode = FALSE
	EndGlobalSection
	GlobalSection(NestedProjects) = preSolution
		{C1F355D2-47DE-467F-AEE6-8C6ECE795422} = {380629AA-CFC2-4206-9659-34F08C2EFA24}
		{6519E68C-BF96-4DE5-94BC-AB81176EB7B0} = {5526D9B6-73D2-4A3B-B3DD-37B379C6DFB9}
		{2FD67002-39C7-4B9A-9C41-153785747544} = {5526D9B6-73D2-4A3B-B3DD-37B379C6DFB9}
		{02E6B578-A8B0-4F8D-9C8F-088031670B22} = {5526D9B6-73D2-4A3B-B3DD-37B379C6DFB9}
		{2EBC2497-FB1C-43F2-B837-8F2B611A4E8F} = {380629AA-CFC2-4206-9659-34F08C2EFA24}
		{F87C9354-3537-413C-8A4E-01CF77311166} = {380629AA-CFC2-4206-9659-34F08C2EFA24}
	EndGlobalSection
	GlobalSection(ExtensibilityGlobals) = postSolution
		SolutionGuid = {DFB01F12-1D26-48A0-97F4-FCBB492E3E44}
	EndGlobalSection
EndGlobal
